// !$*UTF8*$!
{
	archiveVersion = 1;
	classes = {
	};
	objectVersion = 46;
	objects = {

/* Begin PBXBuildFile section */
		5F78C72F18FD141500ACE12B /* Kiwi.framework in Frameworks */ = {isa = PBXBuildFile; fileRef = 5F78C72E18FD141500ACE12B /* Kiwi.framework */; };
		5F78C73118FD143900ACE12B /* UIKit.framework in Frameworks */ = {isa = PBXBuildFile; fileRef = 5F78C73018FD143900ACE12B /* UIKit.framework */; };
		5F78C73218FD144E00ACE12B /* UIKit.framework in Frameworks */ = {isa = PBXBuildFile; fileRef = 5F78C73018FD143900ACE12B /* UIKit.framework */; };
		5F78C73318FD149200ACE12B /* libPerSectionLayout.a in Frameworks */ = {isa = PBXBuildFile; fileRef = 5FD2CDA318FB9AD000B8E740 /* libPerSectionLayout.a */; };
		5F78C73518FD14A900ACE12B /* SenTestingKit.framework in Frameworks */ = {isa = PBXBuildFile; fileRef = 5F78C73418FD14A900ACE12B /* SenTestingKit.framework */; };
		5F78C78118FD1A6C00ACE12B /* Foundation.framework in Frameworks */ = {isa = PBXBuildFile; fileRef = 5FD2CDA618FB9AD000B8E740 /* Foundation.framework */; };
		5F78C78318FD1A6C00ACE12B /* CoreGraphics.framework in Frameworks */ = {isa = PBXBuildFile; fileRef = 5F78C78218FD1A6C00ACE12B /* CoreGraphics.framework */; };
		5F78C78418FD1A6C00ACE12B /* UIKit.framework in Frameworks */ = {isa = PBXBuildFile; fileRef = 5F78C73018FD143900ACE12B /* UIKit.framework */; };
		5F78C78A18FD1A6C00ACE12B /* InfoPlist.strings in Resources */ = {isa = PBXBuildFile; fileRef = 5F78C78818FD1A6C00ACE12B /* InfoPlist.strings */; };
		5F78C78C18FD1A6C00ACE12B /* main.m in Sources */ = {isa = PBXBuildFile; fileRef = 5F78C78B18FD1A6C00ACE12B /* main.m */; };
		5F78C79018FD1A6C00ACE12B /* AppDelegate.m in Sources */ = {isa = PBXBuildFile; fileRef = 5F78C78F18FD1A6C00ACE12B /* AppDelegate.m */; };
		5F78C79218FD1A6C00ACE12B /* Images.xcassets in Resources */ = {isa = PBXBuildFile; fileRef = 5F78C79118FD1A6C00ACE12B /* Images.xcassets */; };
		5F78C7AD18FD1BA200ACE12B /* libPerSectionLayout.a in Frameworks */ = {isa = PBXBuildFile; fileRef = 5FD2CDA318FB9AD000B8E740 /* libPerSectionLayout.a */; };
		5F78C7C518FD1F0400ACE12B /* UIDevice+iOS7Compatibility.h in Headers */ = {isa = PBXBuildFile; fileRef = 5F78C7C318FD1F0400ACE12B /* UIDevice+iOS7Compatibility.h */; };
		5F78C7C618FD1F0400ACE12B /* UIDevice+iOS7Compatibility.m in Sources */ = {isa = PBXBuildFile; fileRef = 5F78C7C418FD1F0400ACE12B /* UIDevice+iOS7Compatibility.m */; };
		5FD2CDA718FB9AD000B8E740 /* Foundation.framework in Frameworks */ = {isa = PBXBuildFile; fileRef = 5FD2CDA618FB9AD000B8E740 /* Foundation.framework */; };
		5FD2CDB618FB9AD000B8E740 /* Foundation.framework in Frameworks */ = {isa = PBXBuildFile; fileRef = 5FD2CDA618FB9AD000B8E740 /* Foundation.framework */; };
		5FD2CDC118FB9AD000B8E740 /* InfoPlist.strings in Resources */ = {isa = PBXBuildFile; fileRef = 5FD2CDBF18FB9AD000B8E740 /* InfoPlist.strings */; };
		5FD2CDDA18FB9B5D00B8E740 /* AMPerSectionCollectionViewLayout.m in Sources */ = {isa = PBXBuildFile; fileRef = 5FD2CDCD18FB9B5D00B8E740 /* AMPerSectionCollectionViewLayout.m */; };
		5FD2CDDB18FB9B5D00B8E740 /* AMPerSectionCollectionViewLayoutAttributes.m in Sources */ = {isa = PBXBuildFile; fileRef = 5FD2CDCF18FB9B5D00B8E740 /* AMPerSectionCollectionViewLayoutAttributes.m */; };
		5FD2CDDC18FB9B5D00B8E740 /* AMPerSectionCollectionViewLayoutInfo.m in Sources */ = {isa = PBXBuildFile; fileRef = 5FD2CDD118FB9B5D00B8E740 /* AMPerSectionCollectionViewLayoutInfo.m */; };
		5FD2CDDD18FB9B5D00B8E740 /* AMPerSectionCollectionViewLayoutInvalidationContext.m in Sources */ = {isa = PBXBuildFile; fileRef = 5FD2CDD318FB9B5D00B8E740 /* AMPerSectionCollectionViewLayoutInvalidationContext.m */; };
		5FD2CDDE18FB9B5D00B8E740 /* AMPerSectionCollectionViewLayoutItem.m in Sources */ = {isa = PBXBuildFile; fileRef = 5FD2CDD518FB9B5D00B8E740 /* AMPerSectionCollectionViewLayoutItem.m */; };
		5FD2CDDF18FB9B5D00B8E740 /* AMPerSectionCollectionViewLayoutRow.m in Sources */ = {isa = PBXBuildFile; fileRef = 5FD2CDD718FB9B5D00B8E740 /* AMPerSectionCollectionViewLayoutRow.m */; };
		5FD2CDE018FB9B5D00B8E740 /* AMPerSectionCollectionViewLayoutSection.m in Sources */ = {isa = PBXBuildFile; fileRef = 5FD2CDD918FB9B5D00B8E740 /* AMPerSectionCollectionViewLayoutSection.m */; };
		5FD2CDEB18FB9BD900B8E740 /* AMFakeCollectionViewDelegateDataSource.m in Sources */ = {isa = PBXBuildFile; fileRef = 5FD2CDE218FB9BD900B8E740 /* AMFakeCollectionViewDelegateDataSource.m */; };
		5FD2CDEC18FB9BD900B8E740 /* AMPerSectionCollectionViewInfoCalculationSpec.m in Sources */ = {isa = PBXBuildFile; fileRef = 5FD2CDE318FB9BD900B8E740 /* AMPerSectionCollectionViewInfoCalculationSpec.m */; };
		5FD2CDED18FB9BD900B8E740 /* AMPerSectionCollectionViewLayoutAttributesSpec.m in Sources */ = {isa = PBXBuildFile; fileRef = 5FD2CDE418FB9BD900B8E740 /* AMPerSectionCollectionViewLayoutAttributesSpec.m */; };
		5FD2CDEE18FB9BD900B8E740 /* AMPerSectionCollectionViewLayoutInfoSpec.m in Sources */ = {isa = PBXBuildFile; fileRef = 5FD2CDE518FB9BD900B8E740 /* AMPerSectionCollectionViewLayoutInfoSpec.m */; };
		5FD2CDEF18FB9BD900B8E740 /* AMPerSectionCollectionViewLayoutInvalidationContextSpec.m in Sources */ = {isa = PBXBuildFile; fileRef = 5FD2CDE618FB9BD900B8E740 /* AMPerSectionCollectionViewLayoutInvalidationContextSpec.m */; };
		5FD2CDF018FB9BD900B8E740 /* AMPerSectionCollectionViewLayoutItemSpec.m in Sources */ = {isa = PBXBuildFile; fileRef = 5FD2CDE718FB9BD900B8E740 /* AMPerSectionCollectionViewLayoutItemSpec.m */; };
		5FD2CDF118FB9BD900B8E740 /* AMPerSectionCollectionViewLayoutRowSpec.m in Sources */ = {isa = PBXBuildFile; fileRef = 5FD2CDE818FB9BD900B8E740 /* AMPerSectionCollectionViewLayoutRowSpec.m */; };
		5FD2CDF218FB9BD900B8E740 /* AMPerSectionCollectionViewLayoutSectionSpec.m in Sources */ = {isa = PBXBuildFile; fileRef = 5FD2CDE918FB9BD900B8E740 /* AMPerSectionCollectionViewLayoutSectionSpec.m */; };
		5FD2CDF318FB9BD900B8E740 /* AMPerSectionCollectionViewLayoutSpec.m in Sources */ = {isa = PBXBuildFile; fileRef = 5FD2CDEA18FB9BD900B8E740 /* AMPerSectionCollectionViewLayoutSpec.m */; };
		5FD2CE2118FB9F5700B8E740 /* AMPerSectionCollectionViewLayout.h in Headers */ = {isa = PBXBuildFile; fileRef = 5FD2CDCC18FB9B5D00B8E740 /* AMPerSectionCollectionViewLayout.h */; settings = {ATTRIBUTES = (Public, ); }; };
		5FD2CE2218FBA27400B8E740 /* AMPerSectionCollectionViewLayoutAttributes.h in Headers */ = {isa = PBXBuildFile; fileRef = 5FD2CDCE18FB9B5D00B8E740 /* AMPerSectionCollectionViewLayoutAttributes.h */; settings = {ATTRIBUTES = (Public, ); }; };
		5FD2CE2318FBA28200B8E740 /* AMPerSectionCollectionViewLayoutInfo.h in Headers */ = {isa = PBXBuildFile; fileRef = 5FD2CDD018FB9B5D00B8E740 /* AMPerSectionCollectionViewLayoutInfo.h */; };
		5FD2CE2418FBA28200B8E740 /* AMPerSectionCollectionViewLayoutInvalidationContext.h in Headers */ = {isa = PBXBuildFile; fileRef = 5FD2CDD218FB9B5D00B8E740 /* AMPerSectionCollectionViewLayoutInvalidationContext.h */; };
		5FD2CE2518FBA28200B8E740 /* AMPerSectionCollectionViewLayoutItem.h in Headers */ = {isa = PBXBuildFile; fileRef = 5FD2CDD418FB9B5D00B8E740 /* AMPerSectionCollectionViewLayoutItem.h */; };
		5FD2CE2618FBA28200B8E740 /* AMPerSectionCollectionViewLayoutRow.h in Headers */ = {isa = PBXBuildFile; fileRef = 5FD2CDD618FB9B5D00B8E740 /* AMPerSectionCollectionViewLayoutRow.h */; };
		5FD2CE2718FBA28200B8E740 /* AMPerSectionCollectionViewLayoutSection.h in Headers */ = {isa = PBXBuildFile; fileRef = 5FD2CDD818FB9B5D00B8E740 /* AMPerSectionCollectionViewLayoutSection.h */; };
		5FDDB80018FDDB58005D20F3 /* CoreGraphics.framework in Frameworks */ = {isa = PBXBuildFile; fileRef = 5F78C78218FD1A6C00ACE12B /* CoreGraphics.framework */; };
		5FDDB80118FDDB61005D20F3 /* CoreGraphics.framework in Frameworks */ = {isa = PBXBuildFile; fileRef = 5F78C78218FD1A6C00ACE12B /* CoreGraphics.framework */; };
		88ADDC6218FBADFC00467201 /* LayoutInfoLayoutAttributesSpec.m in Sources */ = {isa = PBXBuildFile; fileRef = 88ADDC6118FBADFC00467201 /* LayoutInfoLayoutAttributesSpec.m */; };
		88ADDC6418FBB48200467201 /* LayoutSectionLayoutAttributesSpec.m in Sources */ = {isa = PBXBuildFile; fileRef = 88ADDC6318FBB48200467201 /* LayoutSectionLayoutAttributesSpec.m */; };
/* End PBXBuildFile section */

/* Begin PBXContainerItemProxy section */
		5F78C7AB18FD1B9700ACE12B /* PBXContainerItemProxy */ = {
			isa = PBXContainerItemProxy;
			containerPortal = 5FD2CD9B18FB9AD000B8E740 /* Project object */;
			proxyType = 1;
			remoteGlobalIDString = 5FD2CDA218FB9AD000B8E740;
			remoteInfo = PerSectionLayout;
		};
		5FD2CDB918FB9AD000B8E740 /* PBXContainerItemProxy */ = {
			isa = PBXContainerItemProxy;
			containerPortal = 5FD2CD9B18FB9AD000B8E740 /* Project object */;
			proxyType = 1;
			remoteGlobalIDString = 5FD2CDA218FB9AD000B8E740;
			remoteInfo = PerSectionLayout;
		};
/* End PBXContainerItemProxy section */

/* Begin PBXCopyFilesBuildPhase section */
		5FD2CDA118FB9AD000B8E740 /* CopyFiles */ = {
			isa = PBXCopyFilesBuildPhase;
			buildActionMask = 2147483647;
			dstPath = "include/$(PRODUCT_NAME)";
			dstSubfolderSpec = 16;
			files = (
			);
			runOnlyForDeploymentPostprocessing = 0;
		};
/* End PBXCopyFilesBuildPhase section */

/* Begin PBXFileReference section */
		5F78C72E18FD141500ACE12B /* Kiwi.framework */ = {isa = PBXFileReference; lastKnownFileType = wrapper.framework; name = Kiwi.framework; path = ../tools/Kiwi.framework; sourceTree = "<group>"; };
		5F78C73018FD143900ACE12B /* UIKit.framework */ = {isa = PBXFileReference; lastKnownFileType = wrapper.framework; name = UIKit.framework; path = System/Library/Frameworks/UIKit.framework; sourceTree = SDKROOT; };
		5F78C73418FD14A900ACE12B /* SenTestingKit.framework */ = {isa = PBXFileReference; lastKnownFileType = wrapper.framework; name = SenTestingKit.framework; path = Library/Frameworks/SenTestingKit.framework; sourceTree = DEVELOPER_DIR; };
		5F78C78018FD1A6C00ACE12B /* PerSectionLayoutTestLoader.app */ = {isa = PBXFileReference; explicitFileType = wrapper.application; includeInIndex = 0; path = PerSectionLayoutTestLoader.app; sourceTree = BUILT_PRODUCTS_DIR; };
		5F78C78218FD1A6C00ACE12B /* CoreGraphics.framework */ = {isa = PBXFileReference; lastKnownFileType = wrapper.framework; name = CoreGraphics.framework; path = System/Library/Frameworks/CoreGraphics.framework; sourceTree = SDKROOT; };
		5F78C78718FD1A6C00ACE12B /* PerSectionLayoutTestLoader-Info.plist */ = {isa = PBXFileReference; lastKnownFileType = text.plist.xml; path = "PerSectionLayoutTestLoader-Info.plist"; sourceTree = "<group>"; };
		5F78C78918FD1A6C00ACE12B /* en */ = {isa = PBXFileReference; lastKnownFileType = text.plist.strings; name = en; path = en.lproj/InfoPlist.strings; sourceTree = "<group>"; };
		5F78C78B18FD1A6C00ACE12B /* main.m */ = {isa = PBXFileReference; lastKnownFileType = sourcecode.c.objc; path = main.m; sourceTree = "<group>"; };
		5F78C78D18FD1A6C00ACE12B /* PerSectionLayoutTestLoader-Prefix.pch */ = {isa = PBXFileReference; lastKnownFileType = sourcecode.c.h; path = "PerSectionLayoutTestLoader-Prefix.pch"; sourceTree = "<group>"; };
		5F78C78E18FD1A6C00ACE12B /* AppDelegate.h */ = {isa = PBXFileReference; lastKnownFileType = sourcecode.c.h; path = AppDelegate.h; sourceTree = "<group>"; };
		5F78C78F18FD1A6C00ACE12B /* AppDelegate.m */ = {isa = PBXFileReference; lastKnownFileType = sourcecode.c.objc; path = AppDelegate.m; sourceTree = "<group>"; };
		5F78C79118FD1A6C00ACE12B /* Images.xcassets */ = {isa = PBXFileReference; lastKnownFileType = folder.assetcatalog; path = Images.xcassets; sourceTree = "<group>"; };
		5F78C7C318FD1F0400ACE12B /* UIDevice+iOS7Compatibility.h */ = {isa = PBXFileReference; fileEncoding = 4; lastKnownFileType = sourcecode.c.h; path = "UIDevice+iOS7Compatibility.h"; sourceTree = "<group>"; };
		5F78C7C418FD1F0400ACE12B /* UIDevice+iOS7Compatibility.m */ = {isa = PBXFileReference; fileEncoding = 4; lastKnownFileType = sourcecode.c.objc; path = "UIDevice+iOS7Compatibility.m"; sourceTree = "<group>"; };
		5FD2CDA318FB9AD000B8E740 /* libPerSectionLayout.a */ = {isa = PBXFileReference; explicitFileType = archive.ar; includeInIndex = 0; path = libPerSectionLayout.a; sourceTree = BUILT_PRODUCTS_DIR; };
		5FD2CDA618FB9AD000B8E740 /* Foundation.framework */ = {isa = PBXFileReference; lastKnownFileType = wrapper.framework; name = Foundation.framework; path = System/Library/Frameworks/Foundation.framework; sourceTree = SDKROOT; };
		5FD2CDAA18FB9AD000B8E740 /* PerSectionLayout-Prefix.pch */ = {isa = PBXFileReference; lastKnownFileType = sourcecode.c.h; path = "PerSectionLayout-Prefix.pch"; sourceTree = "<group>"; };
		5FD2CDB318FB9AD000B8E740 /* PerSectionLayoutTests.octest */ = {isa = PBXFileReference; explicitFileType = wrapper.cfbundle; includeInIndex = 0; path = PerSectionLayoutTests.octest; sourceTree = BUILT_PRODUCTS_DIR; };
		5FD2CDBE18FB9AD000B8E740 /* PerSectionLayoutTests-Info.plist */ = {isa = PBXFileReference; lastKnownFileType = text.plist.xml; path = "PerSectionLayoutTests-Info.plist"; sourceTree = "<group>"; };
		5FD2CDC018FB9AD000B8E740 /* en */ = {isa = PBXFileReference; lastKnownFileType = text.plist.strings; name = en; path = en.lproj/InfoPlist.strings; sourceTree = "<group>"; };
		5FD2CDCC18FB9B5D00B8E740 /* AMPerSectionCollectionViewLayout.h */ = {isa = PBXFileReference; fileEncoding = 4; lastKnownFileType = sourcecode.c.h; path = AMPerSectionCollectionViewLayout.h; sourceTree = "<group>"; };
		5FD2CDCD18FB9B5D00B8E740 /* AMPerSectionCollectionViewLayout.m */ = {isa = PBXFileReference; fileEncoding = 4; lastKnownFileType = sourcecode.c.objc; path = AMPerSectionCollectionViewLayout.m; sourceTree = "<group>"; };
		5FD2CDCE18FB9B5D00B8E740 /* AMPerSectionCollectionViewLayoutAttributes.h */ = {isa = PBXFileReference; fileEncoding = 4; lastKnownFileType = sourcecode.c.h; path = AMPerSectionCollectionViewLayoutAttributes.h; sourceTree = "<group>"; };
		5FD2CDCF18FB9B5D00B8E740 /* AMPerSectionCollectionViewLayoutAttributes.m */ = {isa = PBXFileReference; fileEncoding = 4; lastKnownFileType = sourcecode.c.objc; path = AMPerSectionCollectionViewLayoutAttributes.m; sourceTree = "<group>"; };
		5FD2CDD018FB9B5D00B8E740 /* AMPerSectionCollectionViewLayoutInfo.h */ = {isa = PBXFileReference; fileEncoding = 4; lastKnownFileType = sourcecode.c.h; path = AMPerSectionCollectionViewLayoutInfo.h; sourceTree = "<group>"; };
		5FD2CDD118FB9B5D00B8E740 /* AMPerSectionCollectionViewLayoutInfo.m */ = {isa = PBXFileReference; fileEncoding = 4; lastKnownFileType = sourcecode.c.objc; path = AMPerSectionCollectionViewLayoutInfo.m; sourceTree = "<group>"; };
		5FD2CDD218FB9B5D00B8E740 /* AMPerSectionCollectionViewLayoutInvalidationContext.h */ = {isa = PBXFileReference; fileEncoding = 4; lastKnownFileType = sourcecode.c.h; path = AMPerSectionCollectionViewLayoutInvalidationContext.h; sourceTree = "<group>"; };
		5FD2CDD318FB9B5D00B8E740 /* AMPerSectionCollectionViewLayoutInvalidationContext.m */ = {isa = PBXFileReference; fileEncoding = 4; lastKnownFileType = sourcecode.c.objc; path = AMPerSectionCollectionViewLayoutInvalidationContext.m; sourceTree = "<group>"; };
		5FD2CDD418FB9B5D00B8E740 /* AMPerSectionCollectionViewLayoutItem.h */ = {isa = PBXFileReference; fileEncoding = 4; lastKnownFileType = sourcecode.c.h; path = AMPerSectionCollectionViewLayoutItem.h; sourceTree = "<group>"; };
		5FD2CDD518FB9B5D00B8E740 /* AMPerSectionCollectionViewLayoutItem.m */ = {isa = PBXFileReference; fileEncoding = 4; lastKnownFileType = sourcecode.c.objc; path = AMPerSectionCollectionViewLayoutItem.m; sourceTree = "<group>"; };
		5FD2CDD618FB9B5D00B8E740 /* AMPerSectionCollectionViewLayoutRow.h */ = {isa = PBXFileReference; fileEncoding = 4; lastKnownFileType = sourcecode.c.h; path = AMPerSectionCollectionViewLayoutRow.h; sourceTree = "<group>"; };
		5FD2CDD718FB9B5D00B8E740 /* AMPerSectionCollectionViewLayoutRow.m */ = {isa = PBXFileReference; fileEncoding = 4; lastKnownFileType = sourcecode.c.objc; path = AMPerSectionCollectionViewLayoutRow.m; sourceTree = "<group>"; };
		5FD2CDD818FB9B5D00B8E740 /* AMPerSectionCollectionViewLayoutSection.h */ = {isa = PBXFileReference; fileEncoding = 4; lastKnownFileType = sourcecode.c.h; path = AMPerSectionCollectionViewLayoutSection.h; sourceTree = "<group>"; };
		5FD2CDD918FB9B5D00B8E740 /* AMPerSectionCollectionViewLayoutSection.m */ = {isa = PBXFileReference; fileEncoding = 4; lastKnownFileType = sourcecode.c.objc; path = AMPerSectionCollectionViewLayoutSection.m; sourceTree = "<group>"; };
		5FD2CDE118FB9BD900B8E740 /* AMFakeCollectionViewDelegateDataSource.h */ = {isa = PBXFileReference; fileEncoding = 4; lastKnownFileType = sourcecode.c.h; path = AMFakeCollectionViewDelegateDataSource.h; sourceTree = "<group>"; };
		5FD2CDE218FB9BD900B8E740 /* AMFakeCollectionViewDelegateDataSource.m */ = {isa = PBXFileReference; fileEncoding = 4; lastKnownFileType = sourcecode.c.objc; path = AMFakeCollectionViewDelegateDataSource.m; sourceTree = "<group>"; };
		5FD2CDE318FB9BD900B8E740 /* AMPerSectionCollectionViewInfoCalculationSpec.m */ = {isa = PBXFileReference; fileEncoding = 4; lastKnownFileType = sourcecode.c.objc; path = AMPerSectionCollectionViewInfoCalculationSpec.m; sourceTree = "<group>"; };
		5FD2CDE418FB9BD900B8E740 /* AMPerSectionCollectionViewLayoutAttributesSpec.m */ = {isa = PBXFileReference; fileEncoding = 4; lastKnownFileType = sourcecode.c.objc; path = AMPerSectionCollectionViewLayoutAttributesSpec.m; sourceTree = "<group>"; };
		5FD2CDE518FB9BD900B8E740 /* AMPerSectionCollectionViewLayoutInfoSpec.m */ = {isa = PBXFileReference; fileEncoding = 4; lastKnownFileType = sourcecode.c.objc; path = AMPerSectionCollectionViewLayoutInfoSpec.m; sourceTree = "<group>"; };
		5FD2CDE618FB9BD900B8E740 /* AMPerSectionCollectionViewLayoutInvalidationContextSpec.m */ = {isa = PBXFileReference; fileEncoding = 4; lastKnownFileType = sourcecode.c.objc; path = AMPerSectionCollectionViewLayoutInvalidationContextSpec.m; sourceTree = "<group>"; };
		5FD2CDE718FB9BD900B8E740 /* AMPerSectionCollectionViewLayoutItemSpec.m */ = {isa = PBXFileReference; fileEncoding = 4; lastKnownFileType = sourcecode.c.objc; path = AMPerSectionCollectionViewLayoutItemSpec.m; sourceTree = "<group>"; };
		5FD2CDE818FB9BD900B8E740 /* AMPerSectionCollectionViewLayoutRowSpec.m */ = {isa = PBXFileReference; fileEncoding = 4; lastKnownFileType = sourcecode.c.objc; path = AMPerSectionCollectionViewLayoutRowSpec.m; sourceTree = "<group>"; };
		5FD2CDE918FB9BD900B8E740 /* AMPerSectionCollectionViewLayoutSectionSpec.m */ = {isa = PBXFileReference; fileEncoding = 4; lastKnownFileType = sourcecode.c.objc; path = AMPerSectionCollectionViewLayoutSectionSpec.m; sourceTree = "<group>"; };
		5FD2CDEA18FB9BD900B8E740 /* AMPerSectionCollectionViewLayoutSpec.m */ = {isa = PBXFileReference; fileEncoding = 4; lastKnownFileType = sourcecode.c.objc; path = AMPerSectionCollectionViewLayoutSpec.m; sourceTree = "<group>"; };
		5FD2CE2E18FBA58F00B8E740 /* Warnings.xcconfig */ = {isa = PBXFileReference; lastKnownFileType = text.xcconfig; name = Warnings.xcconfig; path = ../Warnings.xcconfig; sourceTree = "<group>"; };
		5FD2CE2F18FBA58F00B8E740 /* Test.xcconfig */ = {isa = PBXFileReference; lastKnownFileType = text.xcconfig; name = Test.xcconfig; path = ../Test.xcconfig; sourceTree = "<group>"; };
		5FD2CE3018FBA58F00B8E740 /* Project.xcconfig */ = {isa = PBXFileReference; lastKnownFileType = text.xcconfig; name = Project.xcconfig; path = ../Project.xcconfig; sourceTree = "<group>"; };
		88ADDC6118FBADFC00467201 /* LayoutInfoLayoutAttributesSpec.m */ = {isa = PBXFileReference; fileEncoding = 4; lastKnownFileType = sourcecode.c.objc; path = LayoutInfoLayoutAttributesSpec.m; sourceTree = "<group>"; };
		88ADDC6318FBB48200467201 /* LayoutSectionLayoutAttributesSpec.m */ = {isa = PBXFileReference; fileEncoding = 4; lastKnownFileType = sourcecode.c.objc; path = LayoutSectionLayoutAttributesSpec.m; sourceTree = "<group>"; };
/* End PBXFileReference section */

/* Begin PBXFrameworksBuildPhase section */
		5F78C77D18FD1A6C00ACE12B /* Frameworks */ = {
			isa = PBXFrameworksBuildPhase;
			buildActionMask = 2147483647;
			files = (
				5F78C7AD18FD1BA200ACE12B /* libPerSectionLayout.a in Frameworks */,
				5F78C78318FD1A6C00ACE12B /* CoreGraphics.framework in Frameworks */,
				5F78C78418FD1A6C00ACE12B /* UIKit.framework in Frameworks */,
				5F78C78118FD1A6C00ACE12B /* Foundation.framework in Frameworks */,
			);
			runOnlyForDeploymentPostprocessing = 0;
		};
		5FD2CDA018FB9AD000B8E740 /* Frameworks */ = {
			isa = PBXFrameworksBuildPhase;
			buildActionMask = 2147483647;
			files = (
				5FDDB80118FDDB61005D20F3 /* CoreGraphics.framework in Frameworks */,
				5F78C73118FD143900ACE12B /* UIKit.framework in Frameworks */,
				5FD2CDA718FB9AD000B8E740 /* Foundation.framework in Frameworks */,
			);
			runOnlyForDeploymentPostprocessing = 0;
		};
		5FD2CDB018FB9AD000B8E740 /* Frameworks */ = {
			isa = PBXFrameworksBuildPhase;
			buildActionMask = 2147483647;
			files = (
				5FDDB80018FDDB58005D20F3 /* CoreGraphics.framework in Frameworks */,
				5F78C73518FD14A900ACE12B /* SenTestingKit.framework in Frameworks */,
				5F78C73318FD149200ACE12B /* libPerSectionLayout.a in Frameworks */,
				5F78C73218FD144E00ACE12B /* UIKit.framework in Frameworks */,
				5F78C72F18FD141500ACE12B /* Kiwi.framework in Frameworks */,
				5FD2CDB618FB9AD000B8E740 /* Foundation.framework in Frameworks */,
			);
			runOnlyForDeploymentPostprocessing = 0;
		};
/* End PBXFrameworksBuildPhase section */

/* Begin PBXGroup section */
		5F78C78518FD1A6C00ACE12B /* PerSectionLayoutTestLoader */ = {
			isa = PBXGroup;
			children = (
				5F78C78E18FD1A6C00ACE12B /* AppDelegate.h */,
				5F78C78F18FD1A6C00ACE12B /* AppDelegate.m */,
				5F78C79118FD1A6C00ACE12B /* Images.xcassets */,
				5F78C78618FD1A6C00ACE12B /* Supporting Files */,
			);
			path = PerSectionLayoutTestLoader;
			sourceTree = "<group>";
		};
		5F78C78618FD1A6C00ACE12B /* Supporting Files */ = {
			isa = PBXGroup;
			children = (
				5F78C78718FD1A6C00ACE12B /* PerSectionLayoutTestLoader-Info.plist */,
				5F78C78818FD1A6C00ACE12B /* InfoPlist.strings */,
				5F78C78B18FD1A6C00ACE12B /* main.m */,
				5F78C78D18FD1A6C00ACE12B /* PerSectionLayoutTestLoader-Prefix.pch */,
			);
			name = "Supporting Files";
			sourceTree = "<group>";
		};
		5F78C7C118FD1EC900ACE12B /* Utilities */ = {
			isa = PBXGroup;
			children = (
				5F78C7C318FD1F0400ACE12B /* UIDevice+iOS7Compatibility.h */,
				5F78C7C418FD1F0400ACE12B /* UIDevice+iOS7Compatibility.m */,
			);
			name = Utilities;
			sourceTree = "<group>";
		};
		5FD2CD9A18FB9AD000B8E740 = {
			isa = PBXGroup;
			children = (
				5FD2CE3718FBA5BE00B8E740 /* Configurations */,
				5FD2CDA818FB9AD000B8E740 /* PerSectionLayout */,
				5FD2CDBC18FB9AD000B8E740 /* PerSectionLayoutTests */,
				5F78C78518FD1A6C00ACE12B /* PerSectionLayoutTestLoader */,
				5FD2CDA518FB9AD000B8E740 /* Frameworks */,
				5FD2CDA418FB9AD000B8E740 /* Products */,
			);
			indentWidth = 2;
			sourceTree = "<group>";
			tabWidth = 4;
		};
		5FD2CDA418FB9AD000B8E740 /* Products */ = {
			isa = PBXGroup;
			children = (
				5FD2CDA318FB9AD000B8E740 /* libPerSectionLayout.a */,
				5FD2CDB318FB9AD000B8E740 /* PerSectionLayoutTests.octest */,
				5F78C78018FD1A6C00ACE12B /* PerSectionLayoutTestLoader.app */,
			);
			name = Products;
			sourceTree = "<group>";
		};
		5FD2CDA518FB9AD000B8E740 /* Frameworks */ = {
			isa = PBXGroup;
			children = (
				5F78C73418FD14A900ACE12B /* SenTestingKit.framework */,
				5F78C73018FD143900ACE12B /* UIKit.framework */,
				5FD2CDA618FB9AD000B8E740 /* Foundation.framework */,
				5F78C72E18FD141500ACE12B /* Kiwi.framework */,
				5F78C78218FD1A6C00ACE12B /* CoreGraphics.framework */,
			);
			name = Frameworks;
			sourceTree = "<group>";
		};
		5FD2CDA818FB9AD000B8E740 /* PerSectionLayout */ = {
			isa = PBXGroup;
			children = (
				5FD2CDCC18FB9B5D00B8E740 /* AMPerSectionCollectionViewLayout.h */,
				5FD2CDCD18FB9B5D00B8E740 /* AMPerSectionCollectionViewLayout.m */,
				5FD2CDD018FB9B5D00B8E740 /* AMPerSectionCollectionViewLayoutInfo.h */,
				5FD2CDD118FB9B5D00B8E740 /* AMPerSectionCollectionViewLayoutInfo.m */,
				5FD2CDD818FB9B5D00B8E740 /* AMPerSectionCollectionViewLayoutSection.h */,
				5FD2CDD918FB9B5D00B8E740 /* AMPerSectionCollectionViewLayoutSection.m */,
				5FD2CDD618FB9B5D00B8E740 /* AMPerSectionCollectionViewLayoutRow.h */,
				5FD2CDD718FB9B5D00B8E740 /* AMPerSectionCollectionViewLayoutRow.m */,
				5FD2CDD418FB9B5D00B8E740 /* AMPerSectionCollectionViewLayoutItem.h */,
				5FD2CDD518FB9B5D00B8E740 /* AMPerSectionCollectionViewLayoutItem.m */,
				5FD2CDD218FB9B5D00B8E740 /* AMPerSectionCollectionViewLayoutInvalidationContext.h */,
				5FD2CDD318FB9B5D00B8E740 /* AMPerSectionCollectionViewLayoutInvalidationContext.m */,
				5FD2CDCE18FB9B5D00B8E740 /* AMPerSectionCollectionViewLayoutAttributes.h */,
				5FD2CDCF18FB9B5D00B8E740 /* AMPerSectionCollectionViewLayoutAttributes.m */,
				5F78C7C118FD1EC900ACE12B /* Utilities */,
				5FD2CDA918FB9AD000B8E740 /* Supporting Files */,
			);
			path = PerSectionLayout;
			sourceTree = "<group>";
		};
		5FD2CDA918FB9AD000B8E740 /* Supporting Files */ = {
			isa = PBXGroup;
			children = (
				5FD2CDAA18FB9AD000B8E740 /* PerSectionLayout-Prefix.pch */,
			);
			name = "Supporting Files";
			sourceTree = "<group>";
		};
		5FD2CDBC18FB9AD000B8E740 /* PerSectionLayoutTests */ = {
			isa = PBXGroup;
			children = (
				88ADDC6018FBADDF00467201 /* LayoutAttributes */,
				5FD2CDE118FB9BD900B8E740 /* AMFakeCollectionViewDelegateDataSource.h */,
				5FD2CDE218FB9BD900B8E740 /* AMFakeCollectionViewDelegateDataSource.m */,
				5FD2CDE318FB9BD900B8E740 /* AMPerSectionCollectionViewInfoCalculationSpec.m */,
				5FD2CDE418FB9BD900B8E740 /* AMPerSectionCollectionViewLayoutAttributesSpec.m */,
				5FD2CDE518FB9BD900B8E740 /* AMPerSectionCollectionViewLayoutInfoSpec.m */,
				5FD2CDE618FB9BD900B8E740 /* AMPerSectionCollectionViewLayoutInvalidationContextSpec.m */,
				5FD2CDE718FB9BD900B8E740 /* AMPerSectionCollectionViewLayoutItemSpec.m */,
				5FD2CDE818FB9BD900B8E740 /* AMPerSectionCollectionViewLayoutRowSpec.m */,
				5FD2CDE918FB9BD900B8E740 /* AMPerSectionCollectionViewLayoutSectionSpec.m */,
				5FD2CDEA18FB9BD900B8E740 /* AMPerSectionCollectionViewLayoutSpec.m */,
				5FD2CDBD18FB9AD000B8E740 /* Supporting Files */,
			);
			path = PerSectionLayoutTests;
			sourceTree = "<group>";
		};
		5FD2CDBD18FB9AD000B8E740 /* Supporting Files */ = {
			isa = PBXGroup;
			children = (
				5FD2CDBE18FB9AD000B8E740 /* PerSectionLayoutTests-Info.plist */,
				5FD2CDBF18FB9AD000B8E740 /* InfoPlist.strings */,
			);
			name = "Supporting Files";
			sourceTree = "<group>";
		};
		5FD2CE3718FBA5BE00B8E740 /* Configurations */ = {
			isa = PBXGroup;
			children = (
				5FD2CE2E18FBA58F00B8E740 /* Warnings.xcconfig */,
				5FD2CE2F18FBA58F00B8E740 /* Test.xcconfig */,
				5FD2CE3018FBA58F00B8E740 /* Project.xcconfig */,
			);
			name = Configurations;
			sourceTree = "<group>";
		};
		88ADDC6018FBADDF00467201 /* LayoutAttributes */ = {
			isa = PBXGroup;
			children = (
				88ADDC6118FBADFC00467201 /* LayoutInfoLayoutAttributesSpec.m */,
				88ADDC6318FBB48200467201 /* LayoutSectionLayoutAttributesSpec.m */,
			);
			name = LayoutAttributes;
			sourceTree = "<group>";
		};
/* End PBXGroup section */

/* Begin PBXHeadersBuildPhase section */
		5FD2CE2018FB9F4800B8E740 /* Headers */ = {
			isa = PBXHeadersBuildPhase;
			buildActionMask = 2147483647;
			files = (
				5FD2CE2618FBA28200B8E740 /* AMPerSectionCollectionViewLayoutRow.h in Headers */,
				5FD2CE2318FBA28200B8E740 /* AMPerSectionCollectionViewLayoutInfo.h in Headers */,
				5FD2CE2418FBA28200B8E740 /* AMPerSectionCollectionViewLayoutInvalidationContext.h in Headers */,
				5FD2CE2218FBA27400B8E740 /* AMPerSectionCollectionViewLayoutAttributes.h in Headers */,
				5FD2CE2518FBA28200B8E740 /* AMPerSectionCollectionViewLayoutItem.h in Headers */,
				5FD2CE2118FB9F5700B8E740 /* AMPerSectionCollectionViewLayout.h in Headers */,
				5FD2CE2718FBA28200B8E740 /* AMPerSectionCollectionViewLayoutSection.h in Headers */,
				5F78C7C518FD1F0400ACE12B /* UIDevice+iOS7Compatibility.h in Headers */,
			);
			runOnlyForDeploymentPostprocessing = 0;
		};
/* End PBXHeadersBuildPhase section */

/* Begin PBXNativeTarget section */
		5F78C77F18FD1A6C00ACE12B /* PerSectionLayoutTestLoader */ = {
			isa = PBXNativeTarget;
			buildConfigurationList = 5F78C7A918FD1A6D00ACE12B /* Build configuration list for PBXNativeTarget "PerSectionLayoutTestLoader" */;
			buildPhases = (
				5F78C77C18FD1A6C00ACE12B /* Sources */,
				5F78C77D18FD1A6C00ACE12B /* Frameworks */,
				5F78C77E18FD1A6C00ACE12B /* Resources */,
			);
			buildRules = (
			);
			dependencies = (
				5F78C7AC18FD1B9700ACE12B /* PBXTargetDependency */,
			);
			name = PerSectionLayoutTestLoader;
			productName = PerSectionLayoutTestLoader;
			productReference = 5F78C78018FD1A6C00ACE12B /* PerSectionLayoutTestLoader.app */;
			productType = "com.apple.product-type.application";
		};
		5FD2CDA218FB9AD000B8E740 /* PerSectionLayout */ = {
			isa = PBXNativeTarget;
			buildConfigurationList = 5FD2CDC618FB9AD000B8E740 /* Build configuration list for PBXNativeTarget "PerSectionLayout" */;
			buildPhases = (
				5FD2CD9F18FB9AD000B8E740 /* Sources */,
				5FD2CDA018FB9AD000B8E740 /* Frameworks */,
				5FD2CDA118FB9AD000B8E740 /* CopyFiles */,
				5FD2CE2018FB9F4800B8E740 /* Headers */,
			);
			buildRules = (
			);
			dependencies = (
			);
			name = PerSectionLayout;
			productName = PerSectionLayout;
			productReference = 5FD2CDA318FB9AD000B8E740 /* libPerSectionLayout.a */;
			productType = "com.apple.product-type.library.static";
		};
		5FD2CDB218FB9AD000B8E740 /* PerSectionLayoutTests */ = {
			isa = PBXNativeTarget;
			buildConfigurationList = 5FD2CDC918FB9AD000B8E740 /* Build configuration list for PBXNativeTarget "PerSectionLayoutTests" */;
			buildPhases = (
				5FD2CDAF18FB9AD000B8E740 /* Sources */,
				5FD2CDB018FB9AD000B8E740 /* Frameworks */,
				5FD2CDB118FB9AD000B8E740 /* Resources */,
			);
			buildRules = (
			);
			dependencies = (
				5FD2CDBA18FB9AD000B8E740 /* PBXTargetDependency */,
			);
			name = PerSectionLayoutTests;
			productName = PerSectionLayoutTests;
			productReference = 5FD2CDB318FB9AD000B8E740 /* PerSectionLayoutTests.octest */;
			productType = "com.apple.product-type.bundle.unit-test";
		};
/* End PBXNativeTarget section */

/* Begin PBXProject section */
		5FD2CD9B18FB9AD000B8E740 /* Project object */ = {
			isa = PBXProject;
			attributes = {
				CLASSPREFIX = AM;
				LastUpgradeCheck = 0510;
				ORGANIZATIONNAME = "REA Group";
				TargetAttributes = {
					5FD2CDB218FB9AD000B8E740 = {
						TestTargetID = 5F78C77F18FD1A6C00ACE12B;
					};
				};
			};
			buildConfigurationList = 5FD2CD9E18FB9AD000B8E740 /* Build configuration list for PBXProject "PerSectionLayout" */;
			compatibilityVersion = "Xcode 3.2";
			developmentRegion = English;
			hasScannedForEncodings = 0;
			knownRegions = (
				en,
			);
			mainGroup = 5FD2CD9A18FB9AD000B8E740;
			productRefGroup = 5FD2CDA418FB9AD000B8E740 /* Products */;
			projectDirPath = "";
			projectRoot = "";
			targets = (
				5FD2CDA218FB9AD000B8E740 /* PerSectionLayout */,
				5FD2CDB218FB9AD000B8E740 /* PerSectionLayoutTests */,
				5F78C77F18FD1A6C00ACE12B /* PerSectionLayoutTestLoader */,
			);
		};
/* End PBXProject section */

/* Begin PBXResourcesBuildPhase section */
		5F78C77E18FD1A6C00ACE12B /* Resources */ = {
			isa = PBXResourcesBuildPhase;
			buildActionMask = 2147483647;
			files = (
				5F78C78A18FD1A6C00ACE12B /* InfoPlist.strings in Resources */,
				5F78C79218FD1A6C00ACE12B /* Images.xcassets in Resources */,
			);
			runOnlyForDeploymentPostprocessing = 0;
		};
		5FD2CDB118FB9AD000B8E740 /* Resources */ = {
			isa = PBXResourcesBuildPhase;
			buildActionMask = 2147483647;
			files = (
				5FD2CDC118FB9AD000B8E740 /* InfoPlist.strings in Resources */,
			);
			runOnlyForDeploymentPostprocessing = 0;
		};
/* End PBXResourcesBuildPhase section */

/* Begin PBXSourcesBuildPhase section */
		5F78C77C18FD1A6C00ACE12B /* Sources */ = {
			isa = PBXSourcesBuildPhase;
			buildActionMask = 2147483647;
			files = (
				5F78C79018FD1A6C00ACE12B /* AppDelegate.m in Sources */,
				5F78C78C18FD1A6C00ACE12B /* main.m in Sources */,
			);
			runOnlyForDeploymentPostprocessing = 0;
		};
		5FD2CD9F18FB9AD000B8E740 /* Sources */ = {
			isa = PBXSourcesBuildPhase;
			buildActionMask = 2147483647;
			files = (
				5FD2CDDA18FB9B5D00B8E740 /* AMPerSectionCollectionViewLayout.m in Sources */,
				5FD2CDDC18FB9B5D00B8E740 /* AMPerSectionCollectionViewLayoutInfo.m in Sources */,
				5FD2CDE018FB9B5D00B8E740 /* AMPerSectionCollectionViewLayoutSection.m in Sources */,
				5FD2CDDD18FB9B5D00B8E740 /* AMPerSectionCollectionViewLayoutInvalidationContext.m in Sources */,
				5F78C7C618FD1F0400ACE12B /* UIDevice+iOS7Compatibility.m in Sources */,
				5FD2CDDF18FB9B5D00B8E740 /* AMPerSectionCollectionViewLayoutRow.m in Sources */,
				5FD2CDDE18FB9B5D00B8E740 /* AMPerSectionCollectionViewLayoutItem.m in Sources */,
				5FD2CDDB18FB9B5D00B8E740 /* AMPerSectionCollectionViewLayoutAttributes.m in Sources */,
			);
			runOnlyForDeploymentPostprocessing = 0;
		};
		5FD2CDAF18FB9AD000B8E740 /* Sources */ = {
			isa = PBXSourcesBuildPhase;
			buildActionMask = 2147483647;
			files = (
				5FD2CDEF18FB9BD900B8E740 /* AMPerSectionCollectionViewLayoutInvalidationContextSpec.m in Sources */,
				5FD2CDED18FB9BD900B8E740 /* AMPerSectionCollectionViewLayoutAttributesSpec.m in Sources */,
				88ADDC6218FBADFC00467201 /* LayoutInfoLayoutAttributesSpec.m in Sources */,
				5FD2CDF118FB9BD900B8E740 /* AMPerSectionCollectionViewLayoutRowSpec.m in Sources */,
				5FD2CDEB18FB9BD900B8E740 /* AMFakeCollectionViewDelegateDataSource.m in Sources */,
				5FD2CDEC18FB9BD900B8E740 /* AMPerSectionCollectionViewInfoCalculationSpec.m in Sources */,
				88ADDC6418FBB48200467201 /* LayoutSectionLayoutAttributesSpec.m in Sources */,
				5FD2CDF018FB9BD900B8E740 /* AMPerSectionCollectionViewLayoutItemSpec.m in Sources */,
				5FD2CDEE18FB9BD900B8E740 /* AMPerSectionCollectionViewLayoutInfoSpec.m in Sources */,
				5FD2CDF218FB9BD900B8E740 /* AMPerSectionCollectionViewLayoutSectionSpec.m in Sources */,
				5FD2CDF318FB9BD900B8E740 /* AMPerSectionCollectionViewLayoutSpec.m in Sources */,
			);
			runOnlyForDeploymentPostprocessing = 0;
		};
/* End PBXSourcesBuildPhase section */

/* Begin PBXTargetDependency section */
		5F78C7AC18FD1B9700ACE12B /* PBXTargetDependency */ = {
			isa = PBXTargetDependency;
			target = 5FD2CDA218FB9AD000B8E740 /* PerSectionLayout */;
			targetProxy = 5F78C7AB18FD1B9700ACE12B /* PBXContainerItemProxy */;
		};
		5FD2CDBA18FB9AD000B8E740 /* PBXTargetDependency */ = {
			isa = PBXTargetDependency;
			target = 5FD2CDA218FB9AD000B8E740 /* PerSectionLayout */;
			targetProxy = 5FD2CDB918FB9AD000B8E740 /* PBXContainerItemProxy */;
		};
/* End PBXTargetDependency section */

/* Begin PBXVariantGroup section */
		5F78C78818FD1A6C00ACE12B /* InfoPlist.strings */ = {
			isa = PBXVariantGroup;
			children = (
				5F78C78918FD1A6C00ACE12B /* en */,
			);
			name = InfoPlist.strings;
			sourceTree = "<group>";
		};
		5FD2CDBF18FB9AD000B8E740 /* InfoPlist.strings */ = {
			isa = PBXVariantGroup;
			children = (
				5FD2CDC018FB9AD000B8E740 /* en */,
			);
			name = InfoPlist.strings;
			sourceTree = "<group>";
		};
/* End PBXVariantGroup section */

/* Begin XCBuildConfiguration section */
		5F78C7A518FD1A6D00ACE12B /* Debug */ = {
			isa = XCBuildConfiguration;
			buildSettings = {
				ASSETCATALOG_COMPILER_APPICON_NAME = AppIcon;
				ASSETCATALOG_COMPILER_LAUNCHIMAGE_NAME = LaunchImage;
				"CODE_SIGN_IDENTITY[sdk=iphoneos*]" = "iPhone Developer";
				GCC_PRECOMPILE_PREFIX_HEADER = YES;
				GCC_PREFIX_HEADER = "PerSectionLayoutTestLoader/PerSectionLayoutTestLoader-Prefix.pch";
				GCC_PREPROCESSOR_DEFINITIONS = (
					"DEBUG=1",
					"$(inherited)",
				);
				INFOPLIST_FILE = "PerSectionLayoutTestLoader/PerSectionLayoutTestLoader-Info.plist";
				IPHONEOS_DEPLOYMENT_TARGET = 6.0;
				PRODUCT_NAME = "$(TARGET_NAME)";
				TARGETED_DEVICE_FAMILY = "1,2";
				WRAPPER_EXTENSION = app;
			};
			name = Debug;
		};
		5F78C7A618FD1A6D00ACE12B /* Release */ = {
			isa = XCBuildConfiguration;
			buildSettings = {
				ASSETCATALOG_COMPILER_APPICON_NAME = AppIcon;
				ASSETCATALOG_COMPILER_LAUNCHIMAGE_NAME = LaunchImage;
				"CODE_SIGN_IDENTITY[sdk=iphoneos*]" = "iPhone Developer";
				GCC_PRECOMPILE_PREFIX_HEADER = YES;
				GCC_PREFIX_HEADER = "PerSectionLayoutTestLoader/PerSectionLayoutTestLoader-Prefix.pch";
				INFOPLIST_FILE = "PerSectionLayoutTestLoader/PerSectionLayoutTestLoader-Info.plist";
				IPHONEOS_DEPLOYMENT_TARGET = 6.0;
				PRODUCT_NAME = "$(TARGET_NAME)";
				TARGETED_DEVICE_FAMILY = "1,2";
				WRAPPER_EXTENSION = app;
			};
			name = Release;
		};
		5FD2CDC418FB9AD000B8E740 /* Debug */ = {
			isa = XCBuildConfiguration;
			buildSettings = {
				ALWAYS_SEARCH_USER_PATHS = NO;
				CLANG_CXX_LANGUAGE_STANDARD = "gnu++0x";
				CLANG_CXX_LIBRARY = "libc++";
				CLANG_ENABLE_OBJC_ARC = YES;
				CLANG_MODULES_AUTOLINK = NO;
				CLANG_WARN_BOOL_CONVERSION = YES;
				CLANG_WARN_CONSTANT_CONVERSION = YES;
				CLANG_WARN_DIRECT_OBJC_ISA_USAGE = YES_ERROR;
				CLANG_WARN_EMPTY_BODY = YES;
				CLANG_WARN_ENUM_CONVERSION = YES;
				CLANG_WARN_INT_CONVERSION = YES;
				CLANG_WARN_OBJC_ROOT_CLASS = YES_ERROR;
				CLANG_WARN__DUPLICATE_METHOD_MATCH = YES;
				COPY_PHASE_STRIP = NO;
				GCC_C_LANGUAGE_STANDARD = gnu99;
				GCC_DYNAMIC_NO_PIC = NO;
				GCC_OPTIMIZATION_LEVEL = 0;
				GCC_PREPROCESSOR_DEFINITIONS = (
					"DEBUG=1",
					"$(inherited)",
				);
				GCC_SYMBOLS_PRIVATE_EXTERN = NO;
				GCC_WARN_64_TO_32_BIT_CONVERSION = YES;
				GCC_WARN_ABOUT_RETURN_TYPE = YES_ERROR;
				GCC_WARN_UNDECLARED_SELECTOR = YES;
				GCC_WARN_UNINITIALIZED_AUTOS = YES_AGGRESSIVE;
				GCC_WARN_UNUSED_FUNCTION = YES;
				GCC_WARN_UNUSED_VARIABLE = YES;
				IPHONEOS_DEPLOYMENT_TARGET = 7.1;
				ONLY_ACTIVE_ARCH = YES;
				OTHER_LDFLAGS = "-ObjC";
				SDKROOT = iphoneos;
			};
			name = Debug;
		};
		5FD2CDC518FB9AD000B8E740 /* Release */ = {
			isa = XCBuildConfiguration;
			buildSettings = {
				ALWAYS_SEARCH_USER_PATHS = NO;
				CLANG_CXX_LANGUAGE_STANDARD = "gnu++0x";
				CLANG_CXX_LIBRARY = "libc++";
				CLANG_ENABLE_OBJC_ARC = YES;
				CLANG_MODULES_AUTOLINK = NO;
				CLANG_WARN_BOOL_CONVERSION = YES;
				CLANG_WARN_CONSTANT_CONVERSION = YES;
				CLANG_WARN_DIRECT_OBJC_ISA_USAGE = YES_ERROR;
				CLANG_WARN_EMPTY_BODY = YES;
				CLANG_WARN_ENUM_CONVERSION = YES;
				CLANG_WARN_INT_CONVERSION = YES;
				CLANG_WARN_OBJC_ROOT_CLASS = YES_ERROR;
				CLANG_WARN__DUPLICATE_METHOD_MATCH = YES;
				COPY_PHASE_STRIP = YES;
				ENABLE_NS_ASSERTIONS = NO;
				GCC_C_LANGUAGE_STANDARD = gnu99;
				GCC_WARN_64_TO_32_BIT_CONVERSION = YES;
				GCC_WARN_ABOUT_RETURN_TYPE = YES_ERROR;
				GCC_WARN_UNDECLARED_SELECTOR = YES;
				GCC_WARN_UNINITIALIZED_AUTOS = YES_AGGRESSIVE;
				GCC_WARN_UNUSED_FUNCTION = YES;
				GCC_WARN_UNUSED_VARIABLE = YES;
				IPHONEOS_DEPLOYMENT_TARGET = 7.1;
				OTHER_LDFLAGS = "-ObjC";
				SDKROOT = iphoneos;
				VALIDATE_PRODUCT = YES;
			};
			name = Release;
		};
		5FD2CDC718FB9AD000B8E740 /* Debug */ = {
			isa = XCBuildConfiguration;
			baseConfigurationReference = 5FD2CE3018FBA58F00B8E740 /* Project.xcconfig */;
			buildSettings = {
				DSTROOT = /tmp/PerSectionLayout.dst;
				GCC_PRECOMPILE_PREFIX_HEADER = YES;
				GCC_PREFIX_HEADER = "PerSectionLayout/PerSectionLayout-Prefix.pch";
				IPHONEOS_DEPLOYMENT_TARGET = 6.0;
				PRODUCT_NAME = "$(TARGET_NAME)";
				PUBLIC_HEADERS_FOLDER_PATH = "include/$(PRODUCT_NAME)";
				SKIP_INSTALL = YES;
			};
			name = Debug;
		};
		5FD2CDC818FB9AD000B8E740 /* Release */ = {
			isa = XCBuildConfiguration;
			buildSettings = {
				DSTROOT = /tmp/PerSectionLayout.dst;
				GCC_PRECOMPILE_PREFIX_HEADER = YES;
				GCC_PREFIX_HEADER = "PerSectionLayout/PerSectionLayout-Prefix.pch";
				IPHONEOS_DEPLOYMENT_TARGET = 6.0;
				PRODUCT_NAME = "$(TARGET_NAME)";
				PUBLIC_HEADERS_FOLDER_PATH = "include/$(PRODUCT_NAME)";
				SKIP_INSTALL = YES;
			};
			name = Release;
		};
		5FD2CDCA18FB9AD000B8E740 /* Debug */ = {
			isa = XCBuildConfiguration;
			baseConfigurationReference = 5FD2CE2F18FBA58F00B8E740 /* Test.xcconfig */;
			buildSettings = {
				BUNDLE_LOADER = "$(BUILT_PRODUCTS_DIR)/PerSectionLayoutTestLoader.app/PerSectionLayoutTestLoader";
				FRAMEWORK_SEARCH_PATHS = (
					"$(SDKROOT)/Developer/Library/Frameworks",
					"$(DEVELOPER_FRAMEWORKS_DIR)",
					"$(inherited)",
					"\"$(SRCROOT)/../tools\"",
				);
				GCC_PRECOMPILE_PREFIX_HEADER = YES;
				GCC_PREFIX_HEADER = "PerSectionLayout/PerSectionLayout-Prefix.pch";
				GCC_PREPROCESSOR_DEFINITIONS = (
					"DEBUG=1",
					"$(inherited)",
				);
				INFOPLIST_FILE = "PerSectionLayoutTests/PerSectionLayoutTests-Info.plist";
				IPHONEOS_DEPLOYMENT_TARGET = 6.0;
				PRODUCT_NAME = "$(TARGET_NAME)";
				TEST_HOST = "$(BUNDLE_LOADER)";
				WRAPPER_EXTENSION = octest;
			};
			name = Debug;
		};
		5FD2CDCB18FB9AD000B8E740 /* Release */ = {
			isa = XCBuildConfiguration;
			buildSettings = {
				BUNDLE_LOADER = "$(BUILT_PRODUCTS_DIR)/PerSectionLayoutTestLoader.app/PerSectionLayoutTestLoader";
				FRAMEWORK_SEARCH_PATHS = (
					"$(SDKROOT)/Developer/Library/Frameworks",
					"$(DEVELOPER_FRAMEWORKS_DIR)",
					"$(inherited)",
					"\"$(SRCROOT)/../tools\"",
				);
				GCC_PRECOMPILE_PREFIX_HEADER = YES;
				GCC_PREFIX_HEADER = "PerSectionLayout/PerSectionLayout-Prefix.pch";
				INFOPLIST_FILE = "PerSectionLayoutTests/PerSectionLayoutTests-Info.plist";
				IPHONEOS_DEPLOYMENT_TARGET = 6.0;
				PRODUCT_NAME = "$(TARGET_NAME)";
				TEST_HOST = "$(BUNDLE_LOADER)";
				WRAPPER_EXTENSION = octest;
			};
			name = Release;
		};
/* End XCBuildConfiguration section */

/* Begin XCConfigurationList section */
		5F78C7A918FD1A6D00ACE12B /* Build configuration list for PBXNativeTarget "PerSectionLayoutTestLoader" */ = {
			isa = XCConfigurationList;
			buildConfigurations = (
				5F78C7A518FD1A6D00ACE12B /* Debug */,
				5F78C7A618FD1A6D00ACE12B /* Release */,
			);
			defaultConfigurationIsVisible = 0;
			defaultConfigurationName = Release;
		};
		5FD2CD9E18FB9AD000B8E740 /* Build configuration list for PBXProject "PerSectionLayout" */ = {
			isa = XCConfigurationList;
			buildConfigurations = (
				5FD2CDC418FB9AD000B8E740 /* Debug */,
				5FD2CDC518FB9AD000B8E740 /* Release */,
			);
			defaultConfigurationIsVisible = 0;
			defaultConfigurationName = Release;
		};
		5FD2CDC618FB9AD000B8E740 /* Build configuration list for PBXNativeTarget "PerSectionLayout" */ = {
			isa = XCConfigurationList;
			buildConfigurations = (
				5FD2CDC718FB9AD000B8E740 /* Debug */,
				5FD2CDC818FB9AD000B8E740 /* Release */,
			);
			defaultConfigurationIsVisible = 0;
			defaultConfigurationName = Release;
		};
		5FD2CDC918FB9AD000B8E740 /* Build configuration list for PBXNativeTarget "PerSectionLayoutTests" */ = {
			isa = XCConfigurationList;
			buildConfigurations = (
				5FD2CDCA18FB9AD000B8E740 /* Debug */,
				5FD2CDCB18FB9AD000B8E740 /* Release */,
			);
			defaultConfigurationIsVisible = 0;
			defaultConfigurationName = Release;
		};
/* End XCConfigurationList section */
	};
	rootObject = 5FD2CD9B18FB9AD000B8E740 /* Project object */;
}
