// !$*UTF8*$!
{
	archiveVersion = 1;
	classes = {
	};
	objectVersion = 46;
	objects = {

/* Begin PBXBuildFile section */
		5F709C7A18EFAD0B00799CAA /* Foundation.framework in Frameworks */ = {isa = PBXBuildFile; fileRef = 5F709C7918EFAD0B00799CAA /* Foundation.framework */; };
		5F709C7C18EFAD0B00799CAA /* CoreGraphics.framework in Frameworks */ = {isa = PBXBuildFile; fileRef = 5F709C7B18EFAD0B00799CAA /* CoreGraphics.framework */; };
		5F709C7E18EFAD0B00799CAA /* UIKit.framework in Frameworks */ = {isa = PBXBuildFile; fileRef = 5F709C7D18EFAD0B00799CAA /* UIKit.framework */; };
		5F709C8418EFAD0B00799CAA /* InfoPlist.strings in Resources */ = {isa = PBXBuildFile; fileRef = 5F709C8218EFAD0B00799CAA /* InfoPlist.strings */; };
		5F709C8618EFAD0B00799CAA /* main.m in Sources */ = {isa = PBXBuildFile; fileRef = 5F709C8518EFAD0B00799CAA /* main.m */; };
		5F709C8A18EFAD0B00799CAA /* AMAppDelegate.m in Sources */ = {isa = PBXBuildFile; fileRef = 5F709C8918EFAD0B00799CAA /* AMAppDelegate.m */; };
		5F709C8D18EFAD0B00799CAA /* Main_iPhone.storyboard in Resources */ = {isa = PBXBuildFile; fileRef = 5F709C8B18EFAD0B00799CAA /* Main_iPhone.storyboard */; };
		5F709C9018EFAD0B00799CAA /* Main_iPad.storyboard in Resources */ = {isa = PBXBuildFile; fileRef = 5F709C8E18EFAD0B00799CAA /* Main_iPad.storyboard */; };
		5F709C9318EFAD0B00799CAA /* AMViewController.m in Sources */ = {isa = PBXBuildFile; fileRef = 5F709C9218EFAD0B00799CAA /* AMViewController.m */; };
		5F709C9518EFAD0B00799CAA /* Images.xcassets in Resources */ = {isa = PBXBuildFile; fileRef = 5F709C9418EFAD0B00799CAA /* Images.xcassets */; };
		5F709C9C18EFAD0B00799CAA /* XCTest.framework in Frameworks */ = {isa = PBXBuildFile; fileRef = 5F709C9B18EFAD0B00799CAA /* XCTest.framework */; };
		5F709C9D18EFAD0B00799CAA /* Foundation.framework in Frameworks */ = {isa = PBXBuildFile; fileRef = 5F709C7918EFAD0B00799CAA /* Foundation.framework */; };
		5F709C9E18EFAD0B00799CAA /* UIKit.framework in Frameworks */ = {isa = PBXBuildFile; fileRef = 5F709C7D18EFAD0B00799CAA /* UIKit.framework */; };
		5F709CA618EFAD0B00799CAA /* InfoPlist.strings in Resources */ = {isa = PBXBuildFile; fileRef = 5F709CA418EFAD0B00799CAA /* InfoPlist.strings */; };
		5F709CA818EFAD0B00799CAA /* PerSectionLayoutTests.m in Sources */ = {isa = PBXBuildFile; fileRef = 5F709CA718EFAD0B00799CAA /* PerSectionLayoutTests.m */; };
/* End PBXBuildFile section */

/* Begin PBXContainerItemProxy section */
		5F709C9F18EFAD0B00799CAA /* PBXContainerItemProxy */ = {
			isa = PBXContainerItemProxy;
			containerPortal = 5F709C6E18EFAD0B00799CAA /* Project object */;
			proxyType = 1;
			remoteGlobalIDString = 5F709C7518EFAD0B00799CAA;
			remoteInfo = PerSectionLayout;
		};
/* End PBXContainerItemProxy section */

/* Begin PBXFileReference section */
		5F709C7618EFAD0B00799CAA /* PerSectionLayout.app */ = {isa = PBXFileReference; explicitFileType = wrapper.application; includeInIndex = 0; path = PerSectionLayout.app; sourceTree = BUILT_PRODUCTS_DIR; };
		5F709C7918EFAD0B00799CAA /* Foundation.framework */ = {isa = PBXFileReference; lastKnownFileType = wrapper.framework; name = Foundation.framework; path = System/Library/Frameworks/Foundation.framework; sourceTree = SDKROOT; };
		5F709C7B18EFAD0B00799CAA /* CoreGraphics.framework */ = {isa = PBXFileReference; lastKnownFileType = wrapper.framework; name = CoreGraphics.framework; path = System/Library/Frameworks/CoreGraphics.framework; sourceTree = SDKROOT; };
		5F709C7D18EFAD0B00799CAA /* UIKit.framework */ = {isa = PBXFileReference; lastKnownFileType = wrapper.framework; name = UIKit.framework; path = System/Library/Frameworks/UIKit.framework; sourceTree = SDKROOT; };
		5F709C8118EFAD0B00799CAA /* PerSectionLayout-Info.plist */ = {isa = PBXFileReference; lastKnownFileType = text.plist.xml; path = "PerSectionLayout-Info.plist"; sourceTree = "<group>"; };
		5F709C8318EFAD0B00799CAA /* en */ = {isa = PBXFileReference; lastKnownFileType = text.plist.strings; name = en; path = en.lproj/InfoPlist.strings; sourceTree = "<group>"; };
		5F709C8518EFAD0B00799CAA /* main.m */ = {isa = PBXFileReference; lastKnownFileType = sourcecode.c.objc; path = main.m; sourceTree = "<group>"; };
		5F709C8718EFAD0B00799CAA /* PerSectionLayout-Prefix.pch */ = {isa = PBXFileReference; lastKnownFileType = sourcecode.c.h; path = "PerSectionLayout-Prefix.pch"; sourceTree = "<group>"; };
		5F709C8818EFAD0B00799CAA /* AMAppDelegate.h */ = {isa = PBXFileReference; lastKnownFileType = sourcecode.c.h; path = AMAppDelegate.h; sourceTree = "<group>"; };
		5F709C8918EFAD0B00799CAA /* AMAppDelegate.m */ = {isa = PBXFileReference; lastKnownFileType = sourcecode.c.objc; path = AMAppDelegate.m; sourceTree = "<group>"; };
		5F709C8C18EFAD0B00799CAA /* Base */ = {isa = PBXFileReference; lastKnownFileType = file.storyboard; name = Base; path = Base.lproj/Main_iPhone.storyboard; sourceTree = "<group>"; };
		5F709C8F18EFAD0B00799CAA /* Base */ = {isa = PBXFileReference; lastKnownFileType = file.storyboard; name = Base; path = Base.lproj/Main_iPad.storyboard; sourceTree = "<group>"; };
		5F709C9118EFAD0B00799CAA /* AMViewController.h */ = {isa = PBXFileReference; lastKnownFileType = sourcecode.c.h; path = AMViewController.h; sourceTree = "<group>"; };
		5F709C9218EFAD0B00799CAA /* AMViewController.m */ = {isa = PBXFileReference; lastKnownFileType = sourcecode.c.objc; path = AMViewController.m; sourceTree = "<group>"; };
		5F709C9418EFAD0B00799CAA /* Images.xcassets */ = {isa = PBXFileReference; lastKnownFileType = folder.assetcatalog; path = Images.xcassets; sourceTree = "<group>"; };
		5F709C9A18EFAD0B00799CAA /* PerSectionLayoutTests.xctest */ = {isa = PBXFileReference; explicitFileType = wrapper.cfbundle; includeInIndex = 0; path = PerSectionLayoutTests.xctest; sourceTree = BUILT_PRODUCTS_DIR; };
		5F709C9B18EFAD0B00799CAA /* XCTest.framework */ = {isa = PBXFileReference; lastKnownFileType = wrapper.framework; name = XCTest.framework; path = Library/Frameworks/XCTest.framework; sourceTree = DEVELOPER_DIR; };
		5F709CA318EFAD0B00799CAA /* PerSectionLayoutTests-Info.plist */ = {isa = PBXFileReference; lastKnownFileType = text.plist.xml; path = "PerSectionLayoutTests-Info.plist"; sourceTree = "<group>"; };
		5F709CA518EFAD0B00799CAA /* en */ = {isa = PBXFileReference; lastKnownFileType = text.plist.strings; name = en; path = en.lproj/InfoPlist.strings; sourceTree = "<group>"; };
		5F709CA718EFAD0B00799CAA /* PerSectionLayoutTests.m */ = {isa = PBXFileReference; lastKnownFileType = sourcecode.c.objc; path = PerSectionLayoutTests.m; sourceTree = "<group>"; };
/* End PBXFileReference section */

/* Begin PBXFrameworksBuildPhase section */
		5F709C7318EFAD0B00799CAA /* Frameworks */ = {
			isa = PBXFrameworksBuildPhase;
			buildActionMask = 2147483647;
			files = (
				5F709C7C18EFAD0B00799CAA /* CoreGraphics.framework in Frameworks */,
				5F709C7E18EFAD0B00799CAA /* UIKit.framework in Frameworks */,
				5F709C7A18EFAD0B00799CAA /* Foundation.framework in Frameworks */,
			);
			runOnlyForDeploymentPostprocessing = 0;
		};
		5F709C9718EFAD0B00799CAA /* Frameworks */ = {
			isa = PBXFrameworksBuildPhase;
			buildActionMask = 2147483647;
			files = (
				5F709C9C18EFAD0B00799CAA /* XCTest.framework in Frameworks */,
				5F709C9E18EFAD0B00799CAA /* UIKit.framework in Frameworks */,
				5F709C9D18EFAD0B00799CAA /* Foundation.framework in Frameworks */,
			);
			runOnlyForDeploymentPostprocessing = 0;
		};
/* End PBXFrameworksBuildPhase section */

/* Begin PBXGroup section */
		5F709C6D18EFAD0B00799CAA = {
			isa = PBXGroup;
			children = (
				5F709C7F18EFAD0B00799CAA /* PerSectionLayout */,
				5F709CA118EFAD0B00799CAA /* PerSectionLayoutTests */,
				5F709C7818EFAD0B00799CAA /* Frameworks */,
				5F709C7718EFAD0B00799CAA /* Products */,
			);
			sourceTree = "<group>";
		};
		5F709C7718EFAD0B00799CAA /* Products */ = {
			isa = PBXGroup;
			children = (
				5F709C7618EFAD0B00799CAA /* PerSectionLayout.app */,
				5F709C9A18EFAD0B00799CAA /* PerSectionLayoutTests.xctest */,
			);
			name = Products;
			sourceTree = "<group>";
		};
		5F709C7818EFAD0B00799CAA /* Frameworks */ = {
			isa = PBXGroup;
			children = (
				5F709C7918EFAD0B00799CAA /* Foundation.framework */,
				5F709C7B18EFAD0B00799CAA /* CoreGraphics.framework */,
				5F709C7D18EFAD0B00799CAA /* UIKit.framework */,
				5F709C9B18EFAD0B00799CAA /* XCTest.framework */,
			);
			name = Frameworks;
			sourceTree = "<group>";
		};
		5F709C7F18EFAD0B00799CAA /* PerSectionLayout */ = {
			isa = PBXGroup;
			children = (
				5F709C8818EFAD0B00799CAA /* AMAppDelegate.h */,
				5F709C8918EFAD0B00799CAA /* AMAppDelegate.m */,
				5F709C8B18EFAD0B00799CAA /* Main_iPhone.storyboard */,
				5F709C8E18EFAD0B00799CAA /* Main_iPad.storyboard */,
				5F709C9118EFAD0B00799CAA /* AMViewController.h */,
				5F709C9218EFAD0B00799CAA /* AMViewController.m */,
				5F709C9418EFAD0B00799CAA /* Images.xcassets */,
				5F709C8018EFAD0B00799CAA /* Supporting Files */,
			);
			path = PerSectionLayout;
			sourceTree = "<group>";
		};
		5F709C8018EFAD0B00799CAA /* Supporting Files */ = {
			isa = PBXGroup;
			children = (
				5F709C8118EFAD0B00799CAA /* PerSectionLayout-Info.plist */,
				5F709C8218EFAD0B00799CAA /* InfoPlist.strings */,
				5F709C8518EFAD0B00799CAA /* main.m */,
				5F709C8718EFAD0B00799CAA /* PerSectionLayout-Prefix.pch */,
			);
			name = "Supporting Files";
			sourceTree = "<group>";
		};
		5F709CA118EFAD0B00799CAA /* PerSectionLayoutTests */ = {
			isa = PBXGroup;
			children = (
				5F709CA718EFAD0B00799CAA /* PerSectionLayoutTests.m */,
				5F709CA218EFAD0B00799CAA /* Supporting Files */,
			);
			path = PerSectionLayoutTests;
			sourceTree = "<group>";
		};
		5F709CA218EFAD0B00799CAA /* Supporting Files */ = {
			isa = PBXGroup;
			children = (
				5F709CA318EFAD0B00799CAA /* PerSectionLayoutTests-Info.plist */,
				5F709CA418EFAD0B00799CAA /* InfoPlist.strings */,
			);
			name = "Supporting Files";
			sourceTree = "<group>";
		};
/* End PBXGroup section */

/* Begin PBXNativeTarget section */
		5F709C7518EFAD0B00799CAA /* PerSectionLayout */ = {
			isa = PBXNativeTarget;
			buildConfigurationList = 5F709CAB18EFAD0B00799CAA /* Build configuration list for PBXNativeTarget "PerSectionLayout" */;
			buildPhases = (
				5F709C7218EFAD0B00799CAA /* Sources */,
				5F709C7318EFAD0B00799CAA /* Frameworks */,
				5F709C7418EFAD0B00799CAA /* Resources */,
			);
			buildRules = (
			);
			dependencies = (
			);
			name = PerSectionLayout;
			productName = PerSectionLayout;
			productReference = 5F709C7618EFAD0B00799CAA /* PerSectionLayout.app */;
			productType = "com.apple.product-type.application";
		};
		5F709C9918EFAD0B00799CAA /* PerSectionLayoutTests */ = {
			isa = PBXNativeTarget;
			buildConfigurationList = 5F709CAE18EFAD0B00799CAA /* Build configuration list for PBXNativeTarget "PerSectionLayoutTests" */;
			buildPhases = (
				5F709C9618EFAD0B00799CAA /* Sources */,
				5F709C9718EFAD0B00799CAA /* Frameworks */,
				5F709C9818EFAD0B00799CAA /* Resources */,
			);
			buildRules = (
			);
			dependencies = (
				5F709CA018EFAD0B00799CAA /* PBXTargetDependency */,
			);
			name = PerSectionLayoutTests;
			productName = PerSectionLayoutTests;
			productReference = 5F709C9A18EFAD0B00799CAA /* PerSectionLayoutTests.xctest */;
			productType = "com.apple.product-type.bundle.unit-test";
		};
/* End PBXNativeTarget section */

/* Begin PBXProject section */
		5F709C6E18EFAD0B00799CAA /* Project object */ = {
			isa = PBXProject;
			attributes = {
				CLASSPREFIX = AM;
				LastUpgradeCheck = 0510;
				ORGANIZATIONNAME = Dblechoc;
				TargetAttributes = {
					5F709C9918EFAD0B00799CAA = {
						TestTargetID = 5F709C7518EFAD0B00799CAA;
					};
				};
			};
			buildConfigurationList = 5F709C7118EFAD0B00799CAA /* Build configuration list for PBXProject "PerSectionLayout" */;
			compatibilityVersion = "Xcode 3.2";
			developmentRegion = English;
			hasScannedForEncodings = 0;
			knownRegions = (
				en,
				Base,
			);
			mainGroup = 5F709C6D18EFAD0B00799CAA;
			productRefGroup = 5F709C7718EFAD0B00799CAA /* Products */;
			projectDirPath = "";
			projectRoot = "";
			targets = (
				5F709C7518EFAD0B00799CAA /* PerSectionLayout */,
				5F709C9918EFAD0B00799CAA /* PerSectionLayoutTests */,
			);
		};
/* End PBXProject section */

/* Begin PBXResourcesBuildPhase section */
		5F709C7418EFAD0B00799CAA /* Resources */ = {
			isa = PBXResourcesBuildPhase;
			buildActionMask = 2147483647;
			files = (
				5F709C9018EFAD0B00799CAA /* Main_iPad.storyboard in Resources */,
				5F709C9518EFAD0B00799CAA /* Images.xcassets in Resources */,
				5F709C8D18EFAD0B00799CAA /* Main_iPhone.storyboard in Resources */,
				5F709C8418EFAD0B00799CAA /* InfoPlist.strings in Resources */,
			);
			runOnlyForDeploymentPostprocessing = 0;
		};
		5F709C9818EFAD0B00799CAA /* Resources */ = {
			isa = PBXResourcesBuildPhase;
			buildActionMask = 2147483647;
			files = (
				5F709CA618EFAD0B00799CAA /* InfoPlist.strings in Resources */,
			);
			runOnlyForDeploymentPostprocessing = 0;
		};
/* End PBXResourcesBuildPhase section */

/* Begin PBXSourcesBuildPhase section */
		5F709C7218EFAD0B00799CAA /* Sources */ = {
			isa = PBXSourcesBuildPhase;
			buildActionMask = 2147483647;
			files = (
				5F709C8A18EFAD0B00799CAA /* AMAppDelegate.m in Sources */,
				5F709C9318EFAD0B00799CAA /* AMViewController.m in Sources */,
				5F709C8618EFAD0B00799CAA /* main.m in Sources */,
			);
			runOnlyForDeploymentPostprocessing = 0;
		};
		5F709C9618EFAD0B00799CAA /* Sources */ = {
			isa = PBXSourcesBuildPhase;
			buildActionMask = 2147483647;
			files = (
				5F709CA818EFAD0B00799CAA /* PerSectionLayoutTests.m in Sources */,
			);
			runOnlyForDeploymentPostprocessing = 0;
		};
/* End PBXSourcesBuildPhase section */

/* Begin PBXTargetDependency section */
		5F709CA018EFAD0B00799CAA /* PBXTargetDependency */ = {
			isa = PBXTargetDependency;
			target = 5F709C7518EFAD0B00799CAA /* PerSectionLayout */;
			targetProxy = 5F709C9F18EFAD0B00799CAA /* PBXContainerItemProxy */;
		};
/* End PBXTargetDependency section */

/* Begin PBXVariantGroup section */
		5F709C8218EFAD0B00799CAA /* InfoPlist.strings */ = {
			isa = PBXVariantGroup;
			children = (
				5F709C8318EFAD0B00799CAA /* en */,
			);
			name = InfoPlist.strings;
			sourceTree = "<group>";
		};
		5F709C8B18EFAD0B00799CAA /* Main_iPhone.storyboard */ = {
			isa = PBXVariantGroup;
			children = (
				5F709C8C18EFAD0B00799CAA /* Base */,
			);
			name = Main_iPhone.storyboard;
			sourceTree = "<group>";
		};
		5F709C8E18EFAD0B00799CAA /* Main_iPad.storyboard */ = {
			isa = PBXVariantGroup;
			children = (
				5F709C8F18EFAD0B00799CAA /* Base */,
			);
			name = Main_iPad.storyboard;
			sourceTree = "<group>";
		};
		5F709CA418EFAD0B00799CAA /* InfoPlist.strings */ = {
			isa = PBXVariantGroup;
			children = (
				5F709CA518EFAD0B00799CAA /* en */,
			);
			name = InfoPlist.strings;
			sourceTree = "<group>";
		};
/* End PBXVariantGroup section */

/* Begin XCBuildConfiguration section */
		5F709CA918EFAD0B00799CAA /* Debug */ = {
			isa = XCBuildConfiguration;
			buildSettings = {
				ALWAYS_SEARCH_USER_PATHS = NO;
				CLANG_CXX_LANGUAGE_STANDARD = "gnu++0x";
				CLANG_CXX_LIBRARY = "libc++";
				CLANG_ENABLE_MODULES = YES;
				CLANG_ENABLE_OBJC_ARC = YES;
				CLANG_WARN_BOOL_CONVERSION = YES;
				CLANG_WARN_CONSTANT_CONVERSION = YES;
				CLANG_WARN_DIRECT_OBJC_ISA_USAGE = YES_ERROR;
				CLANG_WARN_EMPTY_BODY = YES;
				CLANG_WARN_ENUM_CONVERSION = YES;
				CLANG_WARN_INT_CONVERSION = YES;
				CLANG_WARN_OBJC_ROOT_CLASS = YES_ERROR;
				CLANG_WARN__DUPLICATE_METHOD_MATCH = YES;
				"CODE_SIGN_IDENTITY[sdk=iphoneos*]" = "iPhone Developer";
				COPY_PHASE_STRIP = NO;
				GCC_C_LANGUAGE_STANDARD = gnu99;
				GCC_DYNAMIC_NO_PIC = NO;
				GCC_OPTIMIZATION_LEVEL = 0;
				GCC_PREPROCESSOR_DEFINITIONS = (
					"DEBUG=1",
					"$(inherited)",
				);
				GCC_SYMBOLS_PRIVATE_EXTERN = NO;
				GCC_WARN_64_TO_32_BIT_CONVERSION = YES;
				GCC_WARN_ABOUT_RETURN_TYPE = YES_ERROR;
				GCC_WARN_UNDECLARED_SELECTOR = YES;
				GCC_WARN_UNINITIALIZED_AUTOS = YES_AGGRESSIVE;
				GCC_WARN_UNUSED_FUNCTION = YES;
				GCC_WARN_UNUSED_VARIABLE = YES;
				IPHONEOS_DEPLOYMENT_TARGET = 7.1;
				ONLY_ACTIVE_ARCH = YES;
				SDKROOT = iphoneos;
				TARGETED_DEVICE_FAMILY = "1,2";
			};
			name = Debug;
		};
		5F709CAA18EFAD0B00799CAA /* Release */ = {
			isa = XCBuildConfiguration;
			buildSettings = {
				ALWAYS_SEARCH_USER_PATHS = NO;
				CLANG_CXX_LANGUAGE_STANDARD = "gnu++0x";
				CLANG_CXX_LIBRARY = "libc++";
				CLANG_ENABLE_MODULES = YES;
				CLANG_ENABLE_OBJC_ARC = YES;
				CLANG_WARN_BOOL_CONVERSION = YES;
				CLANG_WARN_CONSTANT_CONVERSION = YES;
				CLANG_WARN_DIRECT_OBJC_ISA_USAGE = YES_ERROR;
				CLANG_WARN_EMPTY_BODY = YES;
				CLANG_WARN_ENUM_CONVERSION = YES;
				CLANG_WARN_INT_CONVERSION = YES;
				CLANG_WARN_OBJC_ROOT_CLASS = YES_ERROR;
				CLANG_WARN__DUPLICATE_METHOD_MATCH = YES;
				"CODE_SIGN_IDENTITY[sdk=iphoneos*]" = "iPhone Developer";
				COPY_PHASE_STRIP = YES;
				ENABLE_NS_ASSERTIONS = NO;
				GCC_C_LANGUAGE_STANDARD = gnu99;
				GCC_WARN_64_TO_32_BIT_CONVERSION = YES;
				GCC_WARN_ABOUT_RETURN_TYPE = YES_ERROR;
				GCC_WARN_UNDECLARED_SELECTOR = YES;
				GCC_WARN_UNINITIALIZED_AUTOS = YES_AGGRESSIVE;
				GCC_WARN_UNUSED_FUNCTION = YES;
				GCC_WARN_UNUSED_VARIABLE = YES;
				IPHONEOS_DEPLOYMENT_TARGET = 7.1;
				SDKROOT = iphoneos;
				TARGETED_DEVICE_FAMILY = "1,2";
				VALIDATE_PRODUCT = YES;
			};
			name = Release;
		};
		5F709CAC18EFAD0B00799CAA /* Debug */ = {
			isa = XCBuildConfiguration;
			buildSettings = {
				ASSETCATALOG_COMPILER_APPICON_NAME = AppIcon;
				ASSETCATALOG_COMPILER_LAUNCHIMAGE_NAME = LaunchImage;
				GCC_PRECOMPILE_PREFIX_HEADER = YES;
				GCC_PREFIX_HEADER = "PerSectionLayout/PerSectionLayout-Prefix.pch";
				INFOPLIST_FILE = "PerSectionLayout/PerSectionLayout-Info.plist";
				PRODUCT_NAME = "$(TARGET_NAME)";
				WRAPPER_EXTENSION = app;
			};
			name = Debug;
		};
		5F709CAD18EFAD0B00799CAA /* Release */ = {
			isa = XCBuildConfiguration;
			buildSettings = {
				ASSETCATALOG_COMPILER_APPICON_NAME = AppIcon;
				ASSETCATALOG_COMPILER_LAUNCHIMAGE_NAME = LaunchImage;
				GCC_PRECOMPILE_PREFIX_HEADER = YES;
				GCC_PREFIX_HEADER = "PerSectionLayout/PerSectionLayout-Prefix.pch";
				INFOPLIST_FILE = "PerSectionLayout/PerSectionLayout-Info.plist";
				PRODUCT_NAME = "$(TARGET_NAME)";
				WRAPPER_EXTENSION = app;
			};
			name = Release;
		};
		5F709CAF18EFAD0B00799CAA /* Debug */ = {
			isa = XCBuildConfiguration;
			buildSettings = {
				BUNDLE_LOADER = "$(BUILT_PRODUCTS_DIR)/PerSectionLayout.app/PerSectionLayout";
				FRAMEWORK_SEARCH_PATHS = (
					"$(SDKROOT)/Developer/Library/Frameworks",
					"$(inherited)",
					"$(DEVELOPER_FRAMEWORKS_DIR)",
				);
				GCC_PRECOMPILE_PREFIX_HEADER = YES;
				GCC_PREFIX_HEADER = "PerSectionLayout/PerSectionLayout-Prefix.pch";
				GCC_PREPROCESSOR_DEFINITIONS = (
					"DEBUG=1",
					"$(inherited)",
				);
				INFOPLIST_FILE = "PerSectionLayoutTests/PerSectionLayoutTests-Info.plist";
				PRODUCT_NAME = "$(TARGET_NAME)";
				TEST_HOST = "$(BUNDLE_LOADER)";
				WRAPPER_EXTENSION = xctest;
			};
			name = Debug;
		};
		5F709CB018EFAD0B00799CAA /* Release */ = {
			isa = XCBuildConfiguration;
			buildSettings = {
				BUNDLE_LOADER = "$(BUILT_PRODUCTS_DIR)/PerSectionLayout.app/PerSectionLayout";
				FRAMEWORK_SEARCH_PATHS = (
					"$(SDKROOT)/Developer/Library/Frameworks",
					"$(inherited)",
					"$(DEVELOPER_FRAMEWORKS_DIR)",
				);
				GCC_PRECOMPILE_PREFIX_HEADER = YES;
				GCC_PREFIX_HEADER = "PerSectionLayout/PerSectionLayout-Prefix.pch";
				INFOPLIST_FILE = "PerSectionLayoutTests/PerSectionLayoutTests-Info.plist";
				PRODUCT_NAME = "$(TARGET_NAME)";
				TEST_HOST = "$(BUNDLE_LOADER)";
				WRAPPER_EXTENSION = xctest;
			};
			name = Release;
		};
/* End XCBuildConfiguration section */

/* Begin XCConfigurationList section */
		5F709C7118EFAD0B00799CAA /* Build configuration list for PBXProject "PerSectionLayout" */ = {
			isa = XCConfigurationList;
			buildConfigurations = (
				5F709CA918EFAD0B00799CAA /* Debug */,
				5F709CAA18EFAD0B00799CAA /* Release */,
			);
			defaultConfigurationIsVisible = 0;
			defaultConfigurationName = Release;
		};
		5F709CAB18EFAD0B00799CAA /* Build configuration list for PBXNativeTarget "PerSectionLayout" */ = {
			isa = XCConfigurationList;
			buildConfigurations = (
				5F709CAC18EFAD0B00799CAA /* Debug */,
				5F709CAD18EFAD0B00799CAA /* Release */,
			);
			defaultConfigurationIsVisible = 0;
		};
		5F709CAE18EFAD0B00799CAA /* Build configuration list for PBXNativeTarget "PerSectionLayoutTests" */ = {
			isa = XCConfigurationList;
			buildConfigurations = (
				5F709CAF18EFAD0B00799CAA /* Debug */,
				5F709CB018EFAD0B00799CAA /* Release */,
			);
			defaultConfigurationIsVisible = 0;
		};
/* End XCConfigurationList section */
	};
	rootObject = 5F709C6E18EFAD0B00799CAA /* Project object */;
}
